
Microsoft Visual Studio Solution File, Format Version 12.00
# Visual Studio 15
VisualStudioVersion = 15.0.27703.2042
MinimumVisualStudioVersion = 10.0.40219.1
Project("{FAE04EC0-301F-11D3-BF4B-00C04F79EFBC}") = "numerosate1000", "WindowsFormsApp1\numerosate1000.csproj", "{85028462-6D42-4874-B433-E0CF58CFB2AE}"
EndProject
Project("{FAE04EC0-301F-11D3-BF4B-00C04F79EFBC}") = "Baskara", "Baskara\Baskara.csproj", "{A5B57017-3D7D-4470-9AEB-900D17CE32E7}"
EndProject
Project("{FAE04EC0-301F-11D3-BF4B-00C04F79EFBC}") = "meuprimeiroprograma", "meuprimeiroprograma\meuprimeiroprograma.csproj", "{3CACDFF7-F052-44AD-9965-37E8F20F3661}"
EndProject
Project("{FAE04EC0-301F-11D3-BF4B-00C04F79EFBC}") = "caixaeletronico", "caixaeletronico\caixaeletronico.csproj", "{98CBCF69-48ED-4C28-B6B8-420090624774}"
EndProject
Project("{FAE04EC0-301F-11D3-BF4B-00C04F79EFBC}") = "comqualidadepodevotar", "comqualidadepodevotar\comqualidadepodevotar.csproj", "{9761C828-376E-4B24-A31E-828BE2E33408}"
EndProject
Project("{FAE04EC0-301F-11D3-BF4B-00C04F79EFBC}") = "idadedosmelhoresamigos", "idadedosmelhoresamigos\idadedosmelhoresamigos.csproj", "{3ACC8159-F9CE-44DB-89B9-4B673C8BB6D5}"
EndProject
Project("{FAE04EC0-301F-11D3-BF4B-00C04F79EFBC}") = "valordanotafiscal", "valordanotafiscal\valordanotafiscal.csproj", "{617545A7-5C08-4C73-8C90-B5DB315728CC}"
EndProject
Project("{FAE04EC0-301F-11D3-BF4B-00C04F79EFBC}") = "multiplosde3", "multiplosde3\multiplosde3.csproj", "{276D73E9-29A5-4178-B310-C9130174CF54}"
EndProject
Project("{FAE04EC0-301F-11D3-BF4B-00C04F79EFBC}") = "pulandomultiplos3", "pulandomultiplos3\pulandomultiplos3.csproj", "{F5102B9D-1794-4B0B-A514-65DE603768BF}"
EndProject
Project("{FAE04EC0-301F-11D3-BF4B-00C04F79EFBC}") = "seriefibonacci", "seriefibonacci\seriefibonacci.csproj", "{E716BBC9-14C9-48CE-9B55-9833429E8183}"
EndProject
Project("{FAE04EC0-301F-11D3-BF4B-00C04F79EFBC}") = "Desafioforsencadeados", "Desafioforsencadeados\Desafioforsencadeados.csproj", "{5606C753-4DD3-4454-8678-CF1788511160}"
EndProject
Project("{FAE04EC0-301F-11D3-BF4B-00C04F79EFBC}") = "divisivel3e4", "divisivel3e4\divisivel3e4.csproj", "{717740E4-8177-4E2B-BD6E-457E1F2BA880}"
EndProject
Project("{FAE04EC0-301F-11D3-BF4B-00C04F79EFBC}") = "numeros0a30", "numeros0a30\numeros0a30.csproj", "{BA372C3E-6367-4BB9-AC46-6BD251C1701E}"
EndProject
Project("{FAE04EC0-301F-11D3-BF4B-00C04F79EFBC}") = "numerode1a100", "numerode1a100\numerode1a100.csproj", "{E0386DE3-2FD1-4227-82DA-CD5635779B57}"
EndProject
Project("{FAE04EC0-301F-11D3-BF4B-00C04F79EFBC}") = "classecontas", "classecontas\classecontas.csproj", "{AD379BD4-8CE8-4713-B055-24861269EDEE}"
EndProject
Project("{FAE04EC0-301F-11D3-BF4B-00C04F79EFBC}") = "contassacardepositar", "contassacardepositar\contassacardepositar.csproj", "{D46B302D-22C0-4B43-A362-B284A0730A21}"
EndProject
Project("{FAE04EC0-301F-11D3-BF4B-00C04F79EFBC}") = "Banco", "Banco\Banco.csproj", "{E0888C77-A6DB-4708-9B95-8846504A437C}"
EndProject
Project("{FAE04EC0-301F-11D3-BF4B-00C04F79EFBC}") = "ContaPoupança", "ContaPoupança\ContaPoupança.csproj", "{D3145664-A1E9-4878-8A3B-011CF95738E9}"
EndProject
Project("{FAE04EC0-301F-11D3-BF4B-00C04F79EFBC}") = "Polimorfismo", "Polimorfismo\Polimorfismo.csproj", "{34C4360F-1174-4D32-A76D-C020649821AC}"
EndProject
Project("{FAE04EC0-301F-11D3-BF4B-00C04F79EFBC}") = "Arrays", "Arrays\Arrays.csproj", "{39A1404A-6094-46AD-80AC-384655EA146E}"
EndProject
Project("{FAE04EC0-301F-11D3-BF4B-00C04F79EFBC}") = "ComboBox", "ComboBox\ComboBox.csproj", "{9C392F6B-5436-4EEE-A052-B6068DF7A5A2}"
EndProject
Project("{FAE04EC0-301F-11D3-BF4B-00C04F79EFBC}") = "BancoCadastroDeContas", "BancoCadastroDeContas\BancoCadastroDeContas.csproj", "{2841EE02-CF9E-4691-85FE-C8E25813F0E1}"
EndProject
Global
	GlobalSection(SolutionConfigurationPlatforms) = preSolution
		Debug|Any CPU = Debug|Any CPU
		Release|Any CPU = Release|Any CPU
	EndGlobalSection
	GlobalSection(ProjectConfigurationPlatforms) = postSolution
		{85028462-6D42-4874-B433-E0CF58CFB2AE}.Debug|Any CPU.ActiveCfg = Debug|Any CPU
		{85028462-6D42-4874-B433-E0CF58CFB2AE}.Debug|Any CPU.Build.0 = Debug|Any CPU
		{85028462-6D42-4874-B433-E0CF58CFB2AE}.Release|Any CPU.ActiveCfg = Release|Any CPU
		{85028462-6D42-4874-B433-E0CF58CFB2AE}.Release|Any CPU.Build.0 = Release|Any CPU
		{A5B57017-3D7D-4470-9AEB-900D17CE32E7}.Debug|Any CPU.ActiveCfg = Debug|Any CPU
		{A5B57017-3D7D-4470-9AEB-900D17CE32E7}.Debug|Any CPU.Build.0 = Debug|Any CPU
		{A5B57017-3D7D-4470-9AEB-900D17CE32E7}.Release|Any CPU.ActiveCfg = Release|Any CPU
		{A5B57017-3D7D-4470-9AEB-900D17CE32E7}.Release|Any CPU.Build.0 = Release|Any CPU
		{3CACDFF7-F052-44AD-9965-37E8F20F3661}.Debug|Any CPU.ActiveCfg = Debug|Any CPU
		{3CACDFF7-F052-44AD-9965-37E8F20F3661}.Debug|Any CPU.Build.0 = Debug|Any CPU
		{3CACDFF7-F052-44AD-9965-37E8F20F3661}.Release|Any CPU.ActiveCfg = Release|Any CPU
		{3CACDFF7-F052-44AD-9965-37E8F20F3661}.Release|Any CPU.Build.0 = Release|Any CPU
		{98CBCF69-48ED-4C28-B6B8-420090624774}.Debug|Any CPU.ActiveCfg = Debug|Any CPU
		{98CBCF69-48ED-4C28-B6B8-420090624774}.Debug|Any CPU.Build.0 = Debug|Any CPU
		{98CBCF69-48ED-4C28-B6B8-420090624774}.Release|Any CPU.ActiveCfg = Release|Any CPU
		{98CBCF69-48ED-4C28-B6B8-420090624774}.Release|Any CPU.Build.0 = Release|Any CPU
		{9761C828-376E-4B24-A31E-828BE2E33408}.Debug|Any CPU.ActiveCfg = Debug|Any CPU
		{9761C828-376E-4B24-A31E-828BE2E33408}.Debug|Any CPU.Build.0 = Debug|Any CPU
		{9761C828-376E-4B24-A31E-828BE2E33408}.Release|Any CPU.ActiveCfg = Release|Any CPU
		{9761C828-376E-4B24-A31E-828BE2E33408}.Release|Any CPU.Build.0 = Release|Any CPU
		{3ACC8159-F9CE-44DB-89B9-4B673C8BB6D5}.Debug|Any CPU.ActiveCfg = Debug|Any CPU
		{3ACC8159-F9CE-44DB-89B9-4B673C8BB6D5}.Debug|Any CPU.Build.0 = Debug|Any CPU
		{3ACC8159-F9CE-44DB-89B9-4B673C8BB6D5}.Release|Any CPU.ActiveCfg = Release|Any CPU
		{3ACC8159-F9CE-44DB-89B9-4B673C8BB6D5}.Release|Any CPU.Build.0 = Release|Any CPU
		{617545A7-5C08-4C73-8C90-B5DB315728CC}.Debug|Any CPU.ActiveCfg = Debug|Any CPU
		{617545A7-5C08-4C73-8C90-B5DB315728CC}.Debug|Any CPU.Build.0 = Debug|Any CPU
		{617545A7-5C08-4C73-8C90-B5DB315728CC}.Release|Any CPU.ActiveCfg = Release|Any CPU
		{617545A7-5C08-4C73-8C90-B5DB315728CC}.Release|Any CPU.Build.0 = Release|Any CPU
		{276D73E9-29A5-4178-B310-C9130174CF54}.Debug|Any CPU.ActiveCfg = Debug|Any CPU
		{276D73E9-29A5-4178-B310-C9130174CF54}.Debug|Any CPU.Build.0 = Debug|Any CPU
		{276D73E9-29A5-4178-B310-C9130174CF54}.Release|Any CPU.ActiveCfg = Release|Any CPU
		{276D73E9-29A5-4178-B310-C9130174CF54}.Release|Any CPU.Build.0 = Release|Any CPU
		{F5102B9D-1794-4B0B-A514-65DE603768BF}.Debug|Any CPU.ActiveCfg = Debug|Any CPU
		{F5102B9D-1794-4B0B-A514-65DE603768BF}.Debug|Any CPU.Build.0 = Debug|Any CPU
		{F5102B9D-1794-4B0B-A514-65DE603768BF}.Release|Any CPU.ActiveCfg = Release|Any CPU
		{F5102B9D-1794-4B0B-A514-65DE603768BF}.Release|Any CPU.Build.0 = Release|Any CPU
		{E716BBC9-14C9-48CE-9B55-9833429E8183}.Debug|Any CPU.ActiveCfg = Debug|Any CPU
		{E716BBC9-14C9-48CE-9B55-9833429E8183}.Debug|Any CPU.Build.0 = Debug|Any CPU
		{E716BBC9-14C9-48CE-9B55-9833429E8183}.Release|Any CPU.ActiveCfg = Release|Any CPU
		{E716BBC9-14C9-48CE-9B55-9833429E8183}.Release|Any CPU.Build.0 = Release|Any CPU
		{5606C753-4DD3-4454-8678-CF1788511160}.Debug|Any CPU.ActiveCfg = Debug|Any CPU
		{5606C753-4DD3-4454-8678-CF1788511160}.Debug|Any CPU.Build.0 = Debug|Any CPU
		{5606C753-4DD3-4454-8678-CF1788511160}.Release|Any CPU.ActiveCfg = Release|Any CPU
		{5606C753-4DD3-4454-8678-CF1788511160}.Release|Any CPU.Build.0 = Release|Any CPU
		{717740E4-8177-4E2B-BD6E-457E1F2BA880}.Debug|Any CPU.ActiveCfg = Debug|Any CPU
		{717740E4-8177-4E2B-BD6E-457E1F2BA880}.Debug|Any CPU.Build.0 = Debug|Any CPU
		{717740E4-8177-4E2B-BD6E-457E1F2BA880}.Release|Any CPU.ActiveCfg = Release|Any CPU
		{717740E4-8177-4E2B-BD6E-457E1F2BA880}.Release|Any CPU.Build.0 = Release|Any CPU
		{BA372C3E-6367-4BB9-AC46-6BD251C1701E}.Debug|Any CPU.ActiveCfg = Debug|Any CPU
		{BA372C3E-6367-4BB9-AC46-6BD251C1701E}.Debug|Any CPU.Build.0 = Debug|Any CPU
		{BA372C3E-6367-4BB9-AC46-6BD251C1701E}.Release|Any CPU.ActiveCfg = Release|Any CPU
		{BA372C3E-6367-4BB9-AC46-6BD251C1701E}.Release|Any CPU.Build.0 = Release|Any CPU
		{E0386DE3-2FD1-4227-82DA-CD5635779B57}.Debug|Any CPU.ActiveCfg = Debug|Any CPU
		{E0386DE3-2FD1-4227-82DA-CD5635779B57}.Debug|Any CPU.Build.0 = Debug|Any CPU
		{E0386DE3-2FD1-4227-82DA-CD5635779B57}.Release|Any CPU.ActiveCfg = Release|Any CPU
		{E0386DE3-2FD1-4227-82DA-CD5635779B57}.Release|Any CPU.Build.0 = Release|Any CPU
		{AD379BD4-8CE8-4713-B055-24861269EDEE}.Debug|Any CPU.ActiveCfg = Debug|Any CPU
		{AD379BD4-8CE8-4713-B055-24861269EDEE}.Debug|Any CPU.Build.0 = Debug|Any CPU
		{AD379BD4-8CE8-4713-B055-24861269EDEE}.Release|Any CPU.ActiveCfg = Release|Any CPU
		{AD379BD4-8CE8-4713-B055-24861269EDEE}.Release|Any CPU.Build.0 = Release|Any CPU
		{D46B302D-22C0-4B43-A362-B284A0730A21}.Debug|Any CPU.ActiveCfg = Debug|Any CPU
		{D46B302D-22C0-4B43-A362-B284A0730A21}.Debug|Any CPU.Build.0 = Debug|Any CPU
		{D46B302D-22C0-4B43-A362-B284A0730A21}.Release|Any CPU.ActiveCfg = Release|Any CPU
		{D46B302D-22C0-4B43-A362-B284A0730A21}.Release|Any CPU.Build.0 = Release|Any CPU
		{E0888C77-A6DB-4708-9B95-8846504A437C}.Debug|Any CPU.ActiveCfg = Debug|Any CPU
		{E0888C77-A6DB-4708-9B95-8846504A437C}.Debug|Any CPU.Build.0 = Debug|Any CPU
		{E0888C77-A6DB-4708-9B95-8846504A437C}.Release|Any CPU.ActiveCfg = Release|Any CPU
		{E0888C77-A6DB-4708-9B95-8846504A437C}.Release|Any CPU.Build.0 = Release|Any CPU
		{D3145664-A1E9-4878-8A3B-011CF95738E9}.Debug|Any CPU.ActiveCfg = Debug|Any CPU
		{D3145664-A1E9-4878-8A3B-011CF95738E9}.Debug|Any CPU.Build.0 = Debug|Any CPU
		{D3145664-A1E9-4878-8A3B-011CF95738E9}.Release|Any CPU.ActiveCfg = Release|Any CPU
		{D3145664-A1E9-4878-8A3B-011CF95738E9}.Release|Any CPU.Build.0 = Release|Any CPU
		{34C4360F-1174-4D32-A76D-C020649821AC}.Debug|Any CPU.ActiveCfg = Debug|Any CPU
		{34C4360F-1174-4D32-A76D-C020649821AC}.Debug|Any CPU.Build.0 = Debug|Any CPU
		{34C4360F-1174-4D32-A76D-C020649821AC}.Release|Any CPU.ActiveCfg = Release|Any CPU
		{34C4360F-1174-4D32-A76D-C020649821AC}.Release|Any CPU.Build.0 = Release|Any CPU
		{39A1404A-6094-46AD-80AC-384655EA146E}.Debug|Any CPU.ActiveCfg = Debug|Any CPU
		{39A1404A-6094-46AD-80AC-384655EA146E}.Debug|Any CPU.Build.0 = Debug|Any CPU
		{39A1404A-6094-46AD-80AC-384655EA146E}.Release|Any CPU.ActiveCfg = Release|Any CPU
		{39A1404A-6094-46AD-80AC-384655EA146E}.Release|Any CPU.Build.0 = Release|Any CPU
		{9C392F6B-5436-4EEE-A052-B6068DF7A5A2}.Debug|Any CPU.ActiveCfg = Debug|Any CPU
		{9C392F6B-5436-4EEE-A052-B6068DF7A5A2}.Debug|Any CPU.Build.0 = Debug|Any CPU
		{9C392F6B-5436-4EEE-A052-B6068DF7A5A2}.Release|Any CPU.ActiveCfg = Release|Any CPU
		{9C392F6B-5436-4EEE-A052-B6068DF7A5A2}.Release|Any CPU.Build.0 = Release|Any CPU
		{2841EE02-CF9E-4691-85FE-C8E25813F0E1}.Debug|Any CPU.ActiveCfg = Debug|Any CPU
		{2841EE02-CF9E-4691-85FE-C8E25813F0E1}.Debug|Any CPU.Build.0 = Debug|Any CPU
		{2841EE02-CF9E-4691-85FE-C8E25813F0E1}.Release|Any CPU.ActiveCfg = Release|Any CPU
		{2841EE02-CF9E-4691-85FE-C8E25813F0E1}.Release|Any CPU.Build.0 = Release|Any CPU
	EndGlobalSection
	GlobalSection(SolutionProperties) = preSolution
		HideSolutionNode = FALSE
	EndGlobalSection
	GlobalSection(ExtensibilityGlobals) = postSolution
		SolutionGuid = {60FE880A-A73D-4318-B0A3-A780D5D4F05B}
	EndGlobalSection
EndGlobal
