
Microsoft Visual Studio Solution File, Format Version 12.00
# Visual Studio 15
VisualStudioVersion = 15.0.27703.2042
MinimumVisualStudioVersion = 10.0.40219.1
Project("{FAE04EC0-301F-11D3-BF4B-00C04F79EFBC}") = "numerosate1000", "WindowsFormsApp1\numerosate1000.csproj", "{85028462-6D42-4874-B433-E0CF58CFB2AE}"
EndProject
Project("{FAE04EC0-301F-11D3-BF4B-00C04F79EFBC}") = "Baskara", "Baskara\Baskara.csproj", "{A5B57017-3D7D-4470-9AEB-900D17CE32E7}"
EndProject
Project("{FAE04EC0-301F-11D3-BF4B-00C04F79EFBC}") = "meuprimeiroprograma", "meuprimeiroprograma\meuprimeiroprograma.csproj", "{3CACDFF7-F052-44AD-9965-37E8F20F3661}"
EndProject
Global
	GlobalSection(SolutionConfigurationPlatforms) = preSolution
		Debug|Any CPU = Debug|Any CPU
		Release|Any CPU = Release|Any CPU
	EndGlobalSection
	GlobalSection(ProjectConfigurationPlatforms) = postSolution
		{85028462-6D42-4874-B433-E0CF58CFB2AE}.Debug|Any CPU.ActiveCfg = Debug|Any CPU
		{85028462-6D42-4874-B433-E0CF58CFB2AE}.Debug|Any CPU.Build.0 = Debug|Any CPU
		{85028462-6D42-4874-B433-E0CF58CFB2AE}.Release|Any CPU.ActiveCfg = Release|Any CPU
		{85028462-6D42-4874-B433-E0CF58CFB2AE}.Release|Any CPU.Build.0 = Release|Any CPU
		{A5B57017-3D7D-4470-9AEB-900D17CE32E7}.Debug|Any CPU.ActiveCfg = Debug|Any CPU
		{A5B57017-3D7D-4470-9AEB-900D17CE32E7}.Debug|Any CPU.Build.0 = Debug|Any CPU
		{A5B57017-3D7D-4470-9AEB-900D17CE32E7}.Release|Any CPU.ActiveCfg = Release|Any CPU
		{A5B57017-3D7D-4470-9AEB-900D17CE32E7}.Release|Any CPU.Build.0 = Release|Any CPU
		{3CACDFF7-F052-44AD-9965-37E8F20F3661}.Debug|Any CPU.ActiveCfg = Debug|Any CPU
		{3CACDFF7-F052-44AD-9965-37E8F20F3661}.Debug|Any CPU.Build.0 = Debug|Any CPU
		{3CACDFF7-F052-44AD-9965-37E8F20F3661}.Release|Any CPU.ActiveCfg = Release|Any CPU
		{3CACDFF7-F052-44AD-9965-37E8F20F3661}.Release|Any CPU.Build.0 = Release|Any CPU
	EndGlobalSection
	GlobalSection(SolutionProperties) = preSolution
		HideSolutionNode = FALSE
	EndGlobalSection
	GlobalSection(ExtensibilityGlobals) = postSolution
		SolutionGuid = {60FE880A-A73D-4318-B0A3-A780D5D4F05B}
	EndGlobalSection
EndGlobal
