
Microsoft Visual Studio Solution File, Format Version 12.00
# Visual Studio 15
VisualStudioVersion = 15.0.27703.2042
MinimumVisualStudioVersion = 10.0.40219.1
Project("{FAE04EC0-301F-11D3-BF4B-00C04F79EFBC}") = "ByteBank.Portal", "ByteBank.Portal\ByteBank.Portal.csproj", "{B3B10C75-1E05-490E-89E2-51FB28C08E2F}"
EndProject
Global
	GlobalSection(SolutionConfigurationPlatforms) = preSolution
		Debug|Any CPU = Debug|Any CPU
		Release|Any CPU = Release|Any CPU
	EndGlobalSection
	GlobalSection(ProjectConfigurationPlatforms) = postSolution
		{B3B10C75-1E05-490E-89E2-51FB28C08E2F}.Debug|Any CPU.ActiveCfg = Debug|Any CPU
		{B3B10C75-1E05-490E-89E2-51FB28C08E2F}.Debug|Any CPU.Build.0 = Debug|Any CPU
		{B3B10C75-1E05-490E-89E2-51FB28C08E2F}.Release|Any CPU.ActiveCfg = Release|Any CPU
		{B3B10C75-1E05-490E-89E2-51FB28C08E2F}.Release|Any CPU.Build.0 = Release|Any CPU
	EndGlobalSection
	GlobalSection(SolutionProperties) = preSolution
		HideSolutionNode = FALSE
	EndGlobalSection
	GlobalSection(ExtensibilityGlobals) = postSolution
		SolutionGuid = {1638A362-2519-4B35-9794-D7684672E15C}
	EndGlobalSection
EndGlobal
