
Microsoft Visual Studio Solution File, Format Version 12.00
# Visual Studio 15
VisualStudioVersion = 15.0.27703.2042
MinimumVisualStudioVersion = 10.0.40219.1
Project("{FAE04EC0-301F-11D3-BF4B-00C04F79EFBC}") = "CursoDesingPatterns", "CursoDesingPatterns\CursoDesingPatterns.csproj", "{602E47DC-C7AD-412A-83E5-EE44EA87B4FD}"
EndProject
Project("{FAE04EC0-301F-11D3-BF4B-00C04F79EFBC}") = "DesignPatterns2", "DesignPatterns2\DesignPatterns2\DesignPatterns2.csproj", "{9FCF26C6-C9B2-4CEF-8871-B0542E1797B1}"
EndProject
Global
	GlobalSection(SolutionConfigurationPlatforms) = preSolution
		Debug|Any CPU = Debug|Any CPU
		Release|Any CPU = Release|Any CPU
	EndGlobalSection
	GlobalSection(ProjectConfigurationPlatforms) = postSolution
		{602E47DC-C7AD-412A-83E5-EE44EA87B4FD}.Debug|Any CPU.ActiveCfg = Debug|Any CPU
		{602E47DC-C7AD-412A-83E5-EE44EA87B4FD}.Debug|Any CPU.Build.0 = Debug|Any CPU
		{602E47DC-C7AD-412A-83E5-EE44EA87B4FD}.Release|Any CPU.ActiveCfg = Release|Any CPU
		{602E47DC-C7AD-412A-83E5-EE44EA87B4FD}.Release|Any CPU.Build.0 = Release|Any CPU
		{9FCF26C6-C9B2-4CEF-8871-B0542E1797B1}.Debug|Any CPU.ActiveCfg = Debug|Any CPU
		{9FCF26C6-C9B2-4CEF-8871-B0542E1797B1}.Debug|Any CPU.Build.0 = Debug|Any CPU
		{9FCF26C6-C9B2-4CEF-8871-B0542E1797B1}.Release|Any CPU.ActiveCfg = Release|Any CPU
		{9FCF26C6-C9B2-4CEF-8871-B0542E1797B1}.Release|Any CPU.Build.0 = Release|Any CPU
	EndGlobalSection
	GlobalSection(SolutionProperties) = preSolution
		HideSolutionNode = FALSE
	EndGlobalSection
	GlobalSection(ExtensibilityGlobals) = postSolution
		SolutionGuid = {5582536F-D70E-4B29-B26A-47975BE07A1C}
	EndGlobalSection
EndGlobal
