
Microsoft Visual Studio Solution File, Format Version 12.00
# Visual Studio 15
VisualStudioVersion = 15.0.27703.2035
MinimumVisualStudioVersion = 10.0.40219.1
Project("{FAE04EC0-301F-11D3-BF4B-00C04F79EFBC}") = "contassacardepositar", "contassacardepositar.csproj", "{D46B302D-22C0-4B43-A362-B284A0730A21}"
EndProject
Global
	GlobalSection(SolutionConfigurationPlatforms) = preSolution
		Debug|Any CPU = Debug|Any CPU
		Release|Any CPU = Release|Any CPU
	EndGlobalSection
	GlobalSection(ProjectConfigurationPlatforms) = postSolution
		{D46B302D-22C0-4B43-A362-B284A0730A21}.Debug|Any CPU.ActiveCfg = Debug|Any CPU
		{D46B302D-22C0-4B43-A362-B284A0730A21}.Debug|Any CPU.Build.0 = Debug|Any CPU
		{D46B302D-22C0-4B43-A362-B284A0730A21}.Release|Any CPU.ActiveCfg = Release|Any CPU
		{D46B302D-22C0-4B43-A362-B284A0730A21}.Release|Any CPU.Build.0 = Release|Any CPU
	EndGlobalSection
	GlobalSection(SolutionProperties) = preSolution
		HideSolutionNode = FALSE
	EndGlobalSection
	GlobalSection(ExtensibilityGlobals) = postSolution
		SolutionGuid = {6DD013B6-3EE3-4CED-8945-F86803C7ED52}
	EndGlobalSection
EndGlobal
